
Microsoft Visual Studio Solution File, Format Version 12.00
# Visual Studio 2012
Project("{FAE04EC0-301F-11D3-BF4B-00C04F79EFBC}") = "XmWeb", "XmWeb\XmWeb.csproj", "{2D6217AC-097B-4433-94AE-4347712730FF}"
EndProject
Project("{FAE04EC0-301F-11D3-BF4B-00C04F79EFBC}") = "XmWeb.iOS", "iOS\XmWeb.iOS.csproj", "{6BDD4FAD-5EE0-4991-B072-36EC0B7FB447}"
EndProject
Project("{FAE04EC0-301F-11D3-BF4B-00C04F79EFBC}") = "XmWeb.Droid", "Droid\XmWeb.Droid.csproj", "{7A95DAF3-6528-4474-9DA1-C2683B74176E}"
EndProject
Global
	GlobalSection(SolutionConfigurationPlatforms) = preSolution
		Debug|Any CPU = Debug|Any CPU
		Release|Any CPU = Release|Any CPU
		Debug|iPhoneSimulator = Debug|iPhoneSimulator
		Release|iPhone = Release|iPhone
		Release|iPhoneSimulator = Release|iPhoneSimulator
		Debug|iPhone = Debug|iPhone
	EndGlobalSection
	GlobalSection(ProjectConfigurationPlatforms) = postSolution
		{2D6217AC-097B-4433-94AE-4347712730FF}.Debug|Any CPU.ActiveCfg = Debug|Any CPU
		{2D6217AC-097B-4433-94AE-4347712730FF}.Debug|Any CPU.Build.0 = Debug|Any CPU
		{2D6217AC-097B-4433-94AE-4347712730FF}.Debug|iPhone.ActiveCfg = Debug|Any CPU
		{2D6217AC-097B-4433-94AE-4347712730FF}.Debug|iPhone.Build.0 = Debug|Any CPU
		{2D6217AC-097B-4433-94AE-4347712730FF}.Debug|iPhoneSimulator.ActiveCfg = Debug|Any CPU
		{2D6217AC-097B-4433-94AE-4347712730FF}.Debug|iPhoneSimulator.Build.0 = Debug|Any CPU
		{2D6217AC-097B-4433-94AE-4347712730FF}.Release|Any CPU.ActiveCfg = Release|Any CPU
		{2D6217AC-097B-4433-94AE-4347712730FF}.Release|Any CPU.Build.0 = Release|Any CPU
		{2D6217AC-097B-4433-94AE-4347712730FF}.Release|iPhone.ActiveCfg = Release|Any CPU
		{2D6217AC-097B-4433-94AE-4347712730FF}.Release|iPhone.Build.0 = Release|Any CPU
		{2D6217AC-097B-4433-94AE-4347712730FF}.Release|iPhoneSimulator.ActiveCfg = Release|Any CPU
		{2D6217AC-097B-4433-94AE-4347712730FF}.Release|iPhoneSimulator.Build.0 = Release|Any CPU
		{6BDD4FAD-5EE0-4991-B072-36EC0B7FB447}.Debug|Any CPU.ActiveCfg = Debug|iPhoneSimulator
		{6BDD4FAD-5EE0-4991-B072-36EC0B7FB447}.Debug|Any CPU.Build.0 = Debug|iPhoneSimulator
		{6BDD4FAD-5EE0-4991-B072-36EC0B7FB447}.Debug|iPhone.ActiveCfg = Debug|iPhone
		{6BDD4FAD-5EE0-4991-B072-36EC0B7FB447}.Debug|iPhone.Build.0 = Debug|iPhone
		{6BDD4FAD-5EE0-4991-B072-36EC0B7FB447}.Debug|iPhoneSimulator.ActiveCfg = Debug|iPhoneSimulator
		{6BDD4FAD-5EE0-4991-B072-36EC0B7FB447}.Debug|iPhoneSimulator.Build.0 = Debug|iPhoneSimulator
		{6BDD4FAD-5EE0-4991-B072-36EC0B7FB447}.Release|Any CPU.ActiveCfg = Release|iPhone
		{6BDD4FAD-5EE0-4991-B072-36EC0B7FB447}.Release|Any CPU.Build.0 = Release|iPhone
		{6BDD4FAD-5EE0-4991-B072-36EC0B7FB447}.Release|iPhone.ActiveCfg = Release|iPhone
		{6BDD4FAD-5EE0-4991-B072-36EC0B7FB447}.Release|iPhone.Build.0 = Release|iPhone
		{6BDD4FAD-5EE0-4991-B072-36EC0B7FB447}.Release|iPhoneSimulator.ActiveCfg = Release|iPhoneSimulator
		{6BDD4FAD-5EE0-4991-B072-36EC0B7FB447}.Release|iPhoneSimulator.Build.0 = Release|iPhoneSimulator
		{7A95DAF3-6528-4474-9DA1-C2683B74176E}.Debug|Any CPU.ActiveCfg = Debug|Any CPU
		{7A95DAF3-6528-4474-9DA1-C2683B74176E}.Debug|Any CPU.Build.0 = Debug|Any CPU
		{7A95DAF3-6528-4474-9DA1-C2683B74176E}.Debug|iPhone.ActiveCfg = Debug|Any CPU
		{7A95DAF3-6528-4474-9DA1-C2683B74176E}.Debug|iPhone.Build.0 = Debug|Any CPU
		{7A95DAF3-6528-4474-9DA1-C2683B74176E}.Debug|iPhoneSimulator.ActiveCfg = Debug|Any CPU
		{7A95DAF3-6528-4474-9DA1-C2683B74176E}.Debug|iPhoneSimulator.Build.0 = Debug|Any CPU
		{7A95DAF3-6528-4474-9DA1-C2683B74176E}.Release|Any CPU.ActiveCfg = Release|Any CPU
		{7A95DAF3-6528-4474-9DA1-C2683B74176E}.Release|Any CPU.Build.0 = Release|Any CPU
		{7A95DAF3-6528-4474-9DA1-C2683B74176E}.Release|iPhone.ActiveCfg = Release|Any CPU
		{7A95DAF3-6528-4474-9DA1-C2683B74176E}.Release|iPhone.Build.0 = Release|Any CPU
		{7A95DAF3-6528-4474-9DA1-C2683B74176E}.Release|iPhoneSimulator.ActiveCfg = Release|Any CPU
		{7A95DAF3-6528-4474-9DA1-C2683B74176E}.Release|iPhoneSimulator.Build.0 = Release|Any CPU
	EndGlobalSection
EndGlobal
